
Microsoft Visual Studio Solution File, Format Version 12.00
# Visual Studio 15
VisualStudioVersion = 15.0.28307.438
MinimumVisualStudioVersion = 10.0.40219.1
Project("{FAE04EC0-301F-11D3-BF4B-00C04F79EFBC}") = "azure-function-crud", "azure-function-crud\azure-function-crud.csproj", "{E8B9D4E0-6BCB-42CB-BB3F-EF457F73907F}"
EndProject
Global
	GlobalSection(SolutionConfigurationPlatforms) = preSolution
		Debug|Any CPU = Debug|Any CPU
		Release|Any CPU = Release|Any CPU
	EndGlobalSection
	GlobalSection(ProjectConfigurationPlatforms) = postSolution
		{E8B9D4E0-6BCB-42CB-BB3F-EF457F73907F}.Debug|Any CPU.ActiveCfg = Debug|Any CPU
		{E8B9D4E0-6BCB-42CB-BB3F-EF457F73907F}.Debug|Any CPU.Build.0 = Debug|Any CPU
		{E8B9D4E0-6BCB-42CB-BB3F-EF457F73907F}.Release|Any CPU.ActiveCfg = Release|Any CPU
		{E8B9D4E0-6BCB-42CB-BB3F-EF457F73907F}.Release|Any CPU.Build.0 = Release|Any CPU
	EndGlobalSection
	GlobalSection(SolutionProperties) = preSolution
		HideSolutionNode = FALSE
	EndGlobalSection
	GlobalSection(ExtensibilityGlobals) = postSolution
		SolutionGuid = {296B4F08-E36B-489F-9EF6-132369DBC329}
	EndGlobalSection
EndGlobal
